# This file is automatically @generated by Cargo.
# It is not intended for manual editing.
version = 4

[[package]]
name = "wanix-cli"
version = "0.1.0"
dependencies = [
 "wanix-fs",
 "wanix-qjs",
 "wanix-task",
 "wanix-vfs",
 "wanix-wasi",
]

[[package]]
name = "wanix-fs"
version = "0.1.0"

[[package]]
name = "wanix-qjs"
version = "0.1.0"
dependencies = [
 "wanix-wasi",
]

[[package]]
name = "wanix-task"
version = "0.1.0"
dependencies = [
 "wanix-fs",
 "wanix-vfs",
]

[[package]]
name = "wanix-vfs"
version = "0.1.0"
dependencies = [
 "wanix-fs",
]

[[package]]
name = "wanix-wasi"
version = "0.1.0"
dependencies = [
 "wanix-fs",
 "wanix-vfs",
]
